{
  "name": "SaveAsGifExtension",
  "lockfileVersion": 3,
  "requires": true,
  "packages": {
    "": {
      "dependencies": {
        "convertapi-js": "~1.1"
      }
    },
    "node_modules/convertapi-js": {
      "version": "1.1.8",
      "resolved": "https://registry.npmjs.org/convertapi-js/-/convertapi-js-1.1.8.tgz",
      "integrity": "sha512-Fjj6ktjfFT9qtvk/4EFN2Cv79hVE/zFwXytREJ3oNCFJQFKk+jt5IFc/vdHpkiK3uoAhNaKPw5TV7cYB2vfQdQ=="
    }
  }
}
